// !$*UTF8*$!
{
	archiveVersion = 1;
	classes = {
	};
	objectVersion = 55;
	objects = {

/* Begin PBXBuildFile section */
		A8A4763928505ADD007B8C9B /* YT_Vapor_iOS_AppApp.swift in Sources */ = {isa = PBXBuildFile; fileRef = A8A4763828505ADD007B8C9B /* YT_Vapor_iOS_AppApp.swift */; };
		A8A4763B28505ADD007B8C9B /* SongList.swift in Sources */ = {isa = PBXBuildFile; fileRef = A8A4763A28505ADD007B8C9B /* SongList.swift */; };
		A8A4763D28505AE0007B8C9B /* Assets.xcassets in Resources */ = {isa = PBXBuildFile; fileRef = A8A4763C28505AE0007B8C9B /* Assets.xcassets */; };
		A8A4764028505AE0007B8C9B /* Preview Assets.xcassets in Resources */ = {isa = PBXBuildFile; fileRef = A8A4763F28505AE0007B8C9B /* Preview Assets.xcassets */; };
		A8A4764B28505C19007B8C9B /* Song.swift in Sources */ = {isa = PBXBuildFile; fileRef = A8A4764A28505C19007B8C9B /* Song.swift */; };
		A8A4764D28505CA4007B8C9B /* SongListViewModel.swift in Sources */ = {isa = PBXBuildFile; fileRef = A8A4764C28505CA4007B8C9B /* SongListViewModel.swift */; };
		A8A4764F28505F6D007B8C9B /* HttpClient.swift in Sources */ = {isa = PBXBuildFile; fileRef = A8A4764E28505F6D007B8C9B /* HttpClient.swift */; };
		A8A47651285073D2007B8C9B /* Constants.swift in Sources */ = {isa = PBXBuildFile; fileRef = A8A47650285073D2007B8C9B /* Constants.swift */; };
/* End PBXBuildFile section */

/* Begin PBXFileReference section */
		A8A4763528505ADD007B8C9B /* YT-Vapor-iOS-App.app */ = {isa = PBXFileReference; explicitFileType = wrapper.application; includeInIndex = 0; path = "YT-Vapor-iOS-App.app"; sourceTree = BUILT_PRODUCTS_DIR; };
		A8A4763828505ADD007B8C9B /* YT_Vapor_iOS_AppApp.swift */ = {isa = PBXFileReference; lastKnownFileType = sourcecode.swift; path = YT_Vapor_iOS_AppApp.swift; sourceTree = "<group>"; };
		A8A4763A28505ADD007B8C9B /* SongList.swift */ = {isa = PBXFileReference; lastKnownFileType = sourcecode.swift; path = SongList.swift; sourceTree = "<group>"; };
		A8A4763C28505AE0007B8C9B /* Assets.xcassets */ = {isa = PBXFileReference; lastKnownFileType = folder.assetcatalog; path = Assets.xcassets; sourceTree = "<group>"; };
		A8A4763F28505AE0007B8C9B /* Preview Assets.xcassets */ = {isa = PBXFileReference; lastKnownFileType = folder.assetcatalog; path = "Preview Assets.xcassets"; sourceTree = "<group>"; };
		A8A4764A28505C19007B8C9B /* Song.swift */ = {isa = PBXFileReference; lastKnownFileType = sourcecode.swift; path = Song.swift; sourceTree = "<group>"; };
		A8A4764C28505CA4007B8C9B /* SongListViewModel.swift */ = {isa = PBXFileReference; lastKnownFileType = sourcecode.swift; path = SongListViewModel.swift; sourceTree = "<group>"; };
		A8A4764E28505F6D007B8C9B /* HttpClient.swift */ = {isa = PBXFileReference; lastKnownFileType = sourcecode.swift; path = HttpClient.swift; sourceTree = "<group>"; };
		A8A47650285073D2007B8C9B /* Constants.swift */ = {isa = PBXFileReference; lastKnownFileType = sourcecode.swift; path = Constants.swift; sourceTree = "<group>"; };
/* End PBXFileReference section */

/* Begin PBXFrameworksBuildPhase section */
		A8A4763228505ADD007B8C9B /* Frameworks */ = {
			isa = PBXFrameworksBuildPhase;
			buildActionMask = 2147483647;
			files = (
			);
			runOnlyForDeploymentPostprocessing = 0;
		};
/* End PBXFrameworksBuildPhase section */

/* Begin PBXGroup section */
		A8A4762C28505ADD007B8C9B = {
			isa = PBXGroup;
			children = (
				A8A4763728505ADD007B8C9B /* YT-Vapor-iOS-App */,
				A8A4763628505ADD007B8C9B /* Products */,
			);
			sourceTree = "<group>";
		};
		A8A4763628505ADD007B8C9B /* Products */ = {
			isa = PBXGroup;
			children = (
				A8A4763528505ADD007B8C9B /* YT-Vapor-iOS-App.app */,
			);
			name = Products;
			sourceTree = "<group>";
		};
		A8A4763728505ADD007B8C9B /* YT-Vapor-iOS-App */ = {
			isa = PBXGroup;
			children = (
				A8A4764828505BBA007B8C9B /* Views */,
				A8A4764728505BA8007B8C9B /* View Models */,
				A8A4764628505B98007B8C9B /* Models */,
				A8A4763828505ADD007B8C9B /* YT_Vapor_iOS_AppApp.swift */,
				A8A4764928505BD1007B8C9B /* Utilities */,
				A8A4763C28505AE0007B8C9B /* Assets.xcassets */,
				A8A4763E28505AE0007B8C9B /* Preview Content */,
			);
			path = "YT-Vapor-iOS-App";
			sourceTree = "<group>";
		};
		A8A4763E28505AE0007B8C9B /* Preview Content */ = {
			isa = PBXGroup;
			children = (
				A8A4763F28505AE0007B8C9B /* Preview Assets.xcassets */,
			);
			path = "Preview Content";
			sourceTree = "<group>";
		};
		A8A4764628505B98007B8C9B /* Models */ = {
			isa = PBXGroup;
			children = (
				A8A4764A28505C19007B8C9B /* Song.swift */,
			);
			path = Models;
			sourceTree = "<group>";
		};
		A8A4764728505BA8007B8C9B /* View Models */ = {
			isa = PBXGroup;
			children = (
				A8A4764C28505CA4007B8C9B /* SongListViewModel.swift */,
			);
			path = "View Models";
			sourceTree = "<group>";
		};
		A8A4764828505BBA007B8C9B /* Views */ = {
			isa = PBXGroup;
			children = (
				A8A4763A28505ADD007B8C9B /* SongList.swift */,
			);
			path = Views;
			sourceTree = "<group>";
		};
		A8A4764928505BD1007B8C9B /* Utilities */ = {
			isa = PBXGroup;
			children = (
				A8A4764E28505F6D007B8C9B /* HttpClient.swift */,
				A8A47650285073D2007B8C9B /* Constants.swift */,
			);
			path = Utilities;
			sourceTree = "<group>";
		};
/* End PBXGroup section */

/* Begin PBXNativeTarget section */
		A8A4763428505ADD007B8C9B /* YT-Vapor-iOS-App */ = {
			isa = PBXNativeTarget;
			buildConfigurationList = A8A4764328505AE0007B8C9B /* Build configuration list for PBXNativeTarget "YT-Vapor-iOS-App" */;
			buildPhases = (
				A8A4763128505ADD007B8C9B /* Sources */,
				A8A4763228505ADD007B8C9B /* Frameworks */,
				A8A4763328505ADD007B8C9B /* Resources */,
			);
			buildRules = (
			);
			dependencies = (
			);
			name = "YT-Vapor-iOS-App";
			productName = "YT-Vapor-iOS-App";
			productReference = A8A4763528505ADD007B8C9B /* YT-Vapor-iOS-App.app */;
			productType = "com.apple.product-type.application";
		};
/* End PBXNativeTarget section */

/* Begin PBXProject section */
		A8A4762D28505ADD007B8C9B /* Project object */ = {
			isa = PBXProject;
			attributes = {
				BuildIndependentTargetsInParallel = 1;
				LastSwiftUpdateCheck = 1340;
				LastUpgradeCheck = 1340;
				TargetAttributes = {
					A8A4763428505ADD007B8C9B = {
						CreatedOnToolsVersion = 13.4.1;
					};
				};
			};
			buildConfigurationList = A8A4763028505ADD007B8C9B /* Build configuration list for PBXProject "YT-Vapor-iOS-App" */;
			compatibilityVersion = "Xcode 13.0";
			developmentRegion = en;
			hasScannedForEncodings = 0;
			knownRegions = (
				en,
				Base,
			);
			mainGroup = A8A4762C28505ADD007B8C9B;
			productRefGroup = A8A4763628505ADD007B8C9B /* Products */;
			projectDirPath = "";
			projectRoot = "";
			targets = (
				A8A4763428505ADD007B8C9B /* YT-Vapor-iOS-App */,
			);
		};
/* End PBXProject section */

/* Begin PBXResourcesBuildPhase section */
		A8A4763328505ADD007B8C9B /* Resources */ = {
			isa = PBXResourcesBuildPhase;
			buildActionMask = 2147483647;
			files = (
				A8A4764028505AE0007B8C9B /* Preview Assets.xcassets in Resources */,
				A8A4763D28505AE0007B8C9B /* Assets.xcassets in Resources */,
			);
			runOnlyForDeploymentPostprocessing = 0;
		};
/* End PBXResourcesBuildPhase section */

/* Begin PBXSourcesBuildPhase section */
		A8A4763128505ADD007B8C9B /* Sources */ = {
			isa = PBXSourcesBuildPhase;
			buildActionMask = 2147483647;
			files = (
				A8A4764F28505F6D007B8C9B /* HttpClient.swift in Sources */,
				A8A4764B28505C19007B8C9B /* Song.swift in Sources */,
				A8A4764D28505CA4007B8C9B /* SongListViewModel.swift in Sources */,
				A8A4763B28505ADD007B8C9B /* SongList.swift in Sources */,
				A8A4763928505ADD007B8C9B /* YT_Vapor_iOS_AppApp.swift in Sources */,
				A8A47651285073D2007B8C9B /* Constants.swift in Sources */,
			);
			runOnlyForDeploymentPostprocessing = 0;
		};
/* End PBXSourcesBuildPhase section */

/* Begin XCBuildConfiguration section */
		A8A4764128505AE0007B8C9B /* Debug */ = {
			isa = XCBuildConfiguration;
			buildSettings = {
				ALWAYS_SEARCH_USER_PATHS = NO;
				CLANG_ANALYZER_NONNULL = YES;
				CLANG_ANALYZER_NUMBER_OBJECT_CONVERSION = YES_AGGRESSIVE;
				CLANG_CXX_LANGUAGE_STANDARD = "gnu++17";
				CLANG_ENABLE_MODULES = YES;
				CLANG_ENABLE_OBJC_ARC = YES;
				CLANG_ENABLE_OBJC_WEAK = YES;
				CLANG_WARN_BLOCK_CAPTURE_AUTORELEASING = YES;
				CLANG_WARN_BOOL_CONVERSION = YES;
				CLANG_WARN_COMMA = YES;
				CLANG_WARN_CONSTANT_CONVERSION = YES;
				CLANG_WARN_DEPRECATED_OBJC_IMPLEMENTATIONS = YES;
				CLANG_WARN_DIRECT_OBJC_ISA_USAGE = YES_ERROR;
				CLANG_WARN_DOCUMENTATION_COMMENTS = YES;
				CLANG_WARN_EMPTY_BODY = YES;
				CLANG_WARN_ENUM_CONVERSION = YES;
				CLANG_WARN_INFINITE_RECURSION = YES;
				CLANG_WARN_INT_CONVERSION = YES;
				CLANG_WARN_NON_LITERAL_NULL_CONVERSION = YES;
				CLANG_WARN_OBJC_IMPLICIT_RETAIN_SELF = YES;
				CLANG_WARN_OBJC_LITERAL_CONVERSION = YES;
				CLANG_WARN_OBJC_ROOT_CLASS = YES_ERROR;
				CLANG_WARN_QUOTED_INCLUDE_IN_FRAMEWORK_HEADER = YES;
				CLANG_WARN_RANGE_LOOP_ANALYSIS = YES;
				CLANG_WARN_STRICT_PROTOTYPES = YES;
				CLANG_WARN_SUSPICIOUS_MOVE = YES;
				CLANG_WARN_UNGUARDED_AVAILABILITY = YES_AGGRESSIVE;
				CLANG_WARN_UNREACHABLE_CODE = YES;
				CLANG_WARN__DUPLICATE_METHOD_MATCH = YES;
				COPY_PHASE_STRIP = NO;
				DEBUG_INFORMATION_FORMAT = dwarf;
				ENABLE_STRICT_OBJC_MSGSEND = YES;
				ENABLE_TESTABILITY = YES;
				GCC_C_LANGUAGE_STANDARD = gnu11;
				GCC_DYNAMIC_NO_PIC = NO;
				GCC_NO_COMMON_BLOCKS = YES;
				GCC_OPTIMIZATION_LEVEL = 0;
				GCC_PREPROCESSOR_DEFINITIONS = (
					"DEBUG=1",
					"$(inherited)",
				);
				GCC_WARN_64_TO_32_BIT_CONVERSION = YES;
				GCC_WARN_ABOUT_RETURN_TYPE = YES_ERROR;
				GCC_WARN_UNDECLARED_SELECTOR = YES;
				GCC_WARN_UNINITIALIZED_AUTOS = YES_AGGRESSIVE;
				GCC_WARN_UNUSED_FUNCTION = YES;
				GCC_WARN_UNUSED_VARIABLE = YES;
				IPHONEOS_DEPLOYMENT_TARGET = 15.0;
				MTL_ENABLE_DEBUG_INFO = INCLUDE_SOURCE;
				MTL_FAST_MATH = YES;
				ONLY_ACTIVE_ARCH = YES;
				SDKROOT = iphoneos;
				SWIFT_ACTIVE_COMPILATION_CONDITIONS = DEBUG;
				SWIFT_OPTIMIZATION_LEVEL = "-Onone";
			};
			name = Debug;
		};
		A8A4764228505AE0007B8C9B /* Release */ = {
			isa = XCBuildConfiguration;
			buildSettings = {
				ALWAYS_SEARCH_USER_PATHS = NO;
				CLANG_ANALYZER_NONNULL = YES;
				CLANG_ANALYZER_NUMBER_OBJECT_CONVERSION = YES_AGGRESSIVE;
				CLANG_CXX_LANGUAGE_STANDARD = "gnu++17";
				CLANG_ENABLE_MODULES = YES;
				CLANG_ENABLE_OBJC_ARC = YES;
				CLANG_ENABLE_OBJC_WEAK = YES;
				CLANG_WARN_BLOCK_CAPTURE_AUTORELEASING = YES;
				CLANG_WARN_BOOL_CONVERSION = YES;
				CLANG_WARN_COMMA = YES;
				CLANG_WARN_CONSTANT_CONVERSION = YES;
				CLANG_WARN_DEPRECATED_OBJC_IMPLEMENTATIONS = YES;
				CLANG_WARN_DIRECT_OBJC_ISA_USAGE = YES_ERROR;
				CLANG_WARN_DOCUMENTATION_COMMENTS = YES;
				CLANG_WARN_EMPTY_BODY = YES;
				CLANG_WARN_ENUM_CONVERSION = YES;
				CLANG_WARN_INFINITE_RECURSION = YES;
				CLANG_WARN_INT_CONVERSION = YES;
				CLANG_WARN_NON_LITERAL_NULL_CONVERSION = YES;
				CLANG_WARN_OBJC_IMPLICIT_RETAIN_SELF = YES;
				CLANG_WARN_OBJC_LITERAL_CONVERSION = YES;
				CLANG_WARN_OBJC_ROOT_CLASS = YES_ERROR;
				CLANG_WARN_QUOTED_INCLUDE_IN_FRAMEWORK_HEADER = YES;
				CLANG_WARN_RANGE_LOOP_ANALYSIS = YES;
				CLANG_WARN_STRICT_PROTOTYPES = YES;
				CLANG_WARN_SUSPICIOUS_MOVE = YES;
				CLANG_WARN_UNGUARDED_AVAILABILITY = YES_AGGRESSIVE;
				CLANG_WARN_UNREACHABLE_CODE = YES;
				CLANG_WARN__DUPLICATE_METHOD_MATCH = YES;
				COPY_PHASE_STRIP = NO;
				DEBUG_INFORMATION_FORMAT = "dwarf-with-dsym";
				ENABLE_NS_ASSERTIONS = NO;
				ENABLE_STRICT_OBJC_MSGSEND = YES;
				GCC_C_LANGUAGE_STANDARD = gnu11;
				GCC_NO_COMMON_BLOCKS = YES;
				GCC_WARN_64_TO_32_BIT_CONVERSION = YES;
				GCC_WARN_ABOUT_RETURN_TYPE = YES_ERROR;
				GCC_WARN_UNDECLARED_SELECTOR = YES;
				GCC_WARN_UNINITIALIZED_AUTOS = YES_AGGRESSIVE;
				GCC_WARN_UNUSED_FUNCTION = YES;
				GCC_WARN_UNUSED_VARIABLE = YES;
				IPHONEOS_DEPLOYMENT_TARGET = 15.0;
				MTL_ENABLE_DEBUG_INFO = NO;
				MTL_FAST_MATH = YES;
				SDKROOT = iphoneos;
				SWIFT_COMPILATION_MODE = wholemodule;
				SWIFT_OPTIMIZATION_LEVEL = "-O";
				VALIDATE_PRODUCT = YES;
			};
			name = Release;
		};
		A8A4764428505AE0007B8C9B /* Debug */ = {
			isa = XCBuildConfiguration;
			buildSettings = {
				ASSETCATALOG_COMPILER_APPICON_NAME = AppIcon;
				ASSETCATALOG_COMPILER_GLOBAL_ACCENT_COLOR_NAME = AccentColor;
				CODE_SIGN_STYLE = Automatic;
				CURRENT_PROJECT_VERSION = 1;
				DEVELOPMENT_ASSET_PATHS = "\"YT-Vapor-iOS-App/Preview Content\"";
				DEVELOPMENT_TEAM = 22A6RK2943;
				ENABLE_PREVIEWS = YES;
				GENERATE_INFOPLIST_FILE = YES;
				INFOPLIST_KEY_UIApplicationSceneManifest_Generation = YES;
				INFOPLIST_KEY_UIApplicationSupportsIndirectInputEvents = YES;
				INFOPLIST_KEY_UILaunchScreen_Generation = YES;
				INFOPLIST_KEY_UISupportedInterfaceOrientations_iPad = "UIInterfaceOrientationPortrait UIInterfaceOrientationPortraitUpsideDown UIInterfaceOrientationLandscapeLeft UIInterfaceOrientationLandscapeRight";
				INFOPLIST_KEY_UISupportedInterfaceOrientations_iPhone = "UIInterfaceOrientationPortrait UIInterfaceOrientationLandscapeLeft UIInterfaceOrientationLandscapeRight";
				LD_RUNPATH_SEARCH_PATHS = (
					"$(inherited)",
					"@executable_path/Frameworks",
				);
				MARKETING_VERSION = 1.0;
				PRODUCT_BUNDLE_IDENTIFIER = "edu.yeniful.YT-Vapor-iOS-App";
				PRODUCT_NAME = "$(TARGET_NAME)";
				SWIFT_EMIT_LOC_STRINGS = YES;
				SWIFT_VERSION = 5.0;
				TARGETED_DEVICE_FAMILY = "1,2";
			};
			name = Debug;
		};
		A8A4764528505AE0007B8C9B /* Release */ = {
			isa = XCBuildConfiguration;
			buildSettings = {
				ASSETCATALOG_COMPILER_APPICON_NAME = AppIcon;
				ASSETCATALOG_COMPILER_GLOBAL_ACCENT_COLOR_NAME = AccentColor;
				CODE_SIGN_STYLE = Automatic;
				CURRENT_PROJECT_VERSION = 1;
				DEVELOPMENT_ASSET_PATHS = "\"YT-Vapor-iOS-App/Preview Content\"";
				DEVELOPMENT_TEAM = 22A6RK2943;
				ENABLE_PREVIEWS = YES;
				GENERATE_INFOPLIST_FILE = YES;
				INFOPLIST_KEY_UIApplicationSceneManifest_Generation = YES;
				INFOPLIST_KEY_UIApplicationSupportsIndirectInputEvents = YES;
				INFOPLIST_KEY_UILaunchScreen_Generation = YES;
				INFOPLIST_KEY_UISupportedInterfaceOrientations_iPad = "UIInterfaceOrientationPortrait UIInterfaceOrientationPortraitUpsideDown UIInterfaceOrientationLandscapeLeft UIInterfaceOrientationLandscapeRight";
				INFOPLIST_KEY_UISupportedInterfaceOrientations_iPhone = "UIInterfaceOrientationPortrait UIInterfaceOrientationLandscapeLeft UIInterfaceOrientationLandscapeRight";
				LD_RUNPATH_SEARCH_PATHS = (
					"$(inherited)",
					"@executable_path/Frameworks",
				);
				MARKETING_VERSION = 1.0;
				PRODUCT_BUNDLE_IDENTIFIER = "edu.yeniful.YT-Vapor-iOS-App";
				PRODUCT_NAME = "$(TARGET_NAME)";
				SWIFT_EMIT_LOC_STRINGS = YES;
				SWIFT_VERSION = 5.0;
				TARGETED_DEVICE_FAMILY = "1,2";
			};
			name = Release;
		};
/* End XCBuildConfiguration section */

/* Begin XCConfigurationList section */
		A8A4763028505ADD007B8C9B /* Build configuration list for PBXProject "YT-Vapor-iOS-App" */ = {
			isa = XCConfigurationList;
			buildConfigurations = (
				A8A4764128505AE0007B8C9B /* Debug */,
				A8A4764228505AE0007B8C9B /* Release */,
			);
			defaultConfigurationIsVisible = 0;
			defaultConfigurationName = Release;
		};
		A8A4764328505AE0007B8C9B /* Build configuration list for PBXNativeTarget "YT-Vapor-iOS-App" */ = {
			isa = XCConfigurationList;
			buildConfigurations = (
				A8A4764428505AE0007B8C9B /* Debug */,
				A8A4764528505AE0007B8C9B /* Release */,
			);
			defaultConfigurationIsVisible = 0;
			defaultConfigurationName = Release;
		};
/* End XCConfigurationList section */
	};
	rootObject = A8A4762D28505ADD007B8C9B /* Project object */;
}
